{
  "name": "kingfish-python",
  "lockfileVersion": 2,
  "requires": true,
  "packages": {
    "": {
      "dependencies": {
        "echarts-wordcloud": "^2.0.0"
      }
    },
    "node_modules/echarts": {
      "version": "5.4.0",
      "resolved": "https://registry.npmmirror.com/echarts/-/echarts-5.4.0.tgz",
      "integrity": "sha512-uPsO9VRUIKAdFOoH3B0aNg7NRVdN7aM39/OjovjO9MwmWsAkfGyeXJhK+dbRi51iDrQWliXV60/XwLA7kg3z0w==",
      "peer": true,
      "dependencies": {
        "tslib": "2.3.0",
        "zrender": "5.4.0"
      }
    },
    "node_modules/echarts-wordcloud": {
      "version": "2.0.0",
      "resolved": "https://registry.npmmirror.com/echarts-wordcloud/-/echarts-wordcloud-2.0.0.tgz",
      "integrity": "sha512-K7l6pTklqdW7ZWzT/1CS0KhBSINr/cd7c5N1fVMzZMwLQHEwT7x+nivK7g5hkVh7WNcAv4Dn6/ZS5zMKRozC1g==",
      "peerDependencies": {
        "echarts": "^5.0.1"
      }
    },
    "node_modules/tslib": {
      "version": "2.3.0",
      "resolved": "https://registry.npmmirror.com/tslib/-/tslib-2.3.0.tgz",
      "integrity": "sha512-N82ooyxVNm6h1riLCoyS9e3fuJ3AMG2zIZs2Gd1ATcSFjSA23Q0fzjjZeh0jbJvWVDZ0cJT8yaNNaaXHzueNjg==",
      "peer": true
    },
    "node_modules/zrender": {
      "version": "5.4.0",
      "resolved": "https://registry.npmmirror.com/zrender/-/zrender-5.4.0.tgz",
      "integrity": "sha512-rOS09Z2HSVGFs2dn/TuYk5BlCaZcVe8UDLLjj1ySYF828LATKKdxuakSZMvrDz54yiKPDYVfjdKqcX8Jky3BIA==",
      "peer": true,
      "dependencies": {
        "tslib": "2.3.0"
      }
    }
  },
  "dependencies": {
    "echarts": {
      "version": "5.4.0",
      "resolved": "https://registry.npmmirror.com/echarts/-/echarts-5.4.0.tgz",
      "integrity": "sha512-uPsO9VRUIKAdFOoH3B0aNg7NRVdN7aM39/OjovjO9MwmWsAkfGyeXJhK+dbRi51iDrQWliXV60/XwLA7kg3z0w==",
      "peer": true,
      "requires": {
        "tslib": "2.3.0",
        "zrender": "5.4.0"
      }
    },
    "echarts-wordcloud": {
      "version": "2.0.0",
      "resolved": "https://registry.npmmirror.com/echarts-wordcloud/-/echarts-wordcloud-2.0.0.tgz",
      "integrity": "sha512-K7l6pTklqdW7ZWzT/1CS0KhBSINr/cd7c5N1fVMzZMwLQHEwT7x+nivK7g5hkVh7WNcAv4Dn6/ZS5zMKRozC1g==",
      "requires": {}
    },
    "tslib": {
      "version": "2.3.0",
      "resolved": "https://registry.npmmirror.com/tslib/-/tslib-2.3.0.tgz",
      "integrity": "sha512-N82ooyxVNm6h1riLCoyS9e3fuJ3AMG2zIZs2Gd1ATcSFjSA23Q0fzjjZeh0jbJvWVDZ0cJT8yaNNaaXHzueNjg==",
      "peer": true
    },
    "zrender": {
      "version": "5.4.0",
      "resolved": "https://registry.npmmirror.com/zrender/-/zrender-5.4.0.tgz",
      "integrity": "sha512-rOS09Z2HSVGFs2dn/TuYk5BlCaZcVe8UDLLjj1ySYF828LATKKdxuakSZMvrDz54yiKPDYVfjdKqcX8Jky3BIA==",
      "peer": true,
      "requires": {
        "tslib": "2.3.0"
      }
    }
  }
}
